
Microsoft Visual Studio Solution File, Format Version 12.00
# Visual Studio Version 17
VisualStudioVersion = 17.13.36105.23 d17.13
MinimumVisualStudioVersion = 10.0.40219.1
Project("{FAE04EC0-301F-11D3-BF4B-00C04F79EFBC}") = "LicenseVault", "LicenseVault\LicenseVault.csproj", "{F7E3D523-44EE-43FA-8753-A96D4B3939DA}"
EndProject
Global
	GlobalSection(SolutionConfigurationPlatforms) = preSolution
		Debug|Any CPU = Debug|Any CPU
		Release|Any CPU = Release|Any CPU
	EndGlobalSection
	GlobalSection(ProjectConfigurationPlatforms) = postSolution
		{F7E3D523-44EE-43FA-8753-A96D4B3939DA}.Debug|Any CPU.ActiveCfg = Debug|Any CPU
		{F7E3D523-44EE-43FA-8753-A96D4B3939DA}.Debug|Any CPU.Build.0 = Debug|Any CPU
		{F7E3D523-44EE-43FA-8753-A96D4B3939DA}.Release|Any CPU.ActiveCfg = Release|Any CPU
		{F7E3D523-44EE-43FA-8753-A96D4B3939DA}.Release|Any CPU.Build.0 = Release|Any CPU
	EndGlobalSection
	GlobalSection(SolutionProperties) = preSolution
		HideSolutionNode = FALSE
	EndGlobalSection
	GlobalSection(ExtensibilityGlobals) = postSolution
		SolutionGuid = {4E25045B-5B06-4BCE-A8BE-F459F8F83DFB}
	EndGlobalSection
EndGlobal
